// !$*UTF8*$!
{
	archiveVersion = 1;
	classes = {
	};
	objectVersion = 56;
	objects = {

/* Begin PBXBuildFile section */
		810E98082C15EE6500B0A051 /* StudentsAndCoursesApp.swift in Sources */ = {isa = PBXBuildFile; fileRef = 810E98072C15EE6500B0A051 /* StudentsAndCoursesApp.swift */; };
		810E980C2C15EE6600B0A051 /* Assets.xcassets in Resources */ = {isa = PBXBuildFile; fileRef = 810E980B2C15EE6600B0A051 /* Assets.xcassets */; };
		810E980F2C15EE6600B0A051 /* Preview Assets.xcassets in Resources */ = {isa = PBXBuildFile; fileRef = 810E980E2C15EE6600B0A051 /* Preview Assets.xcassets */; };
		81A2E2722C15EEF500E6285E /* Supabase.swift in Sources */ = {isa = PBXBuildFile; fileRef = 81A2E2712C15EEF500E6285E /* Supabase.swift */; };
		81A2E2752C15EFF400E6285E /* Auth in Frameworks */ = {isa = PBXBuildFile; productRef = 81A2E2742C15EFF400E6285E /* Auth */; };
		81A2E2772C15EFF400E6285E /* Functions in Frameworks */ = {isa = PBXBuildFile; productRef = 81A2E2762C15EFF400E6285E /* Functions */; };
		81A2E2792C15EFF400E6285E /* PostgREST in Frameworks */ = {isa = PBXBuildFile; productRef = 81A2E2782C15EFF400E6285E /* PostgREST */; };
		81A2E27B2C15EFF400E6285E /* Realtime in Frameworks */ = {isa = PBXBuildFile; productRef = 81A2E27A2C15EFF400E6285E /* Realtime */; };
		81A2E27D2C15EFF400E6285E /* Storage in Frameworks */ = {isa = PBXBuildFile; productRef = 81A2E27C2C15EFF400E6285E /* Storage */; };
		81A2E27F2C15EFF400E6285E /* Supabase in Frameworks */ = {isa = PBXBuildFile; productRef = 81A2E27E2C15EFF400E6285E /* Supabase */; };
		81A2E2812C15F1CF00E6285E /* LandingView.swift in Sources */ = {isa = PBXBuildFile; fileRef = 81A2E2802C15F1CF00E6285E /* LandingView.swift */; };
		81A2E2832C15F1F200E6285E /* EnrolmentsView.swift in Sources */ = {isa = PBXBuildFile; fileRef = 81A2E2822C15F1F200E6285E /* EnrolmentsView.swift */; };
		81A2E2852C15F22B00E6285E /* CoursesListView.swift in Sources */ = {isa = PBXBuildFile; fileRef = 81A2E2842C15F22B00E6285E /* CoursesListView.swift */; };
		81A2E2872C15F25F00E6285E /* StudentsListView.swift in Sources */ = {isa = PBXBuildFile; fileRef = 81A2E2862C15F25F00E6285E /* StudentsListView.swift */; };
		81A2E2892C16020300E6285E /* Course.swift in Sources */ = {isa = PBXBuildFile; fileRef = 81A2E2882C16020300E6285E /* Course.swift */; };
		81A2E28B2C1602FC00E6285E /* CoursesListViewModel.swift in Sources */ = {isa = PBXBuildFile; fileRef = 81A2E28A2C1602FC00E6285E /* CoursesListViewModel.swift */; };
		81A2E28D2C16086200E6285E /* AddCourseView.swift in Sources */ = {isa = PBXBuildFile; fileRef = 81A2E28C2C16086200E6285E /* AddCourseView.swift */; };
		81A2E28F2C16135900E6285E /* Student.swift in Sources */ = {isa = PBXBuildFile; fileRef = 81A2E28E2C16135900E6285E /* Student.swift */; };
/* End PBXBuildFile section */

/* Begin PBXFileReference section */
		810E98042C15EE6500B0A051 /* StudentsAndCourses.app */ = {isa = PBXFileReference; explicitFileType = wrapper.application; includeInIndex = 0; path = StudentsAndCourses.app; sourceTree = BUILT_PRODUCTS_DIR; };
		810E98072C15EE6500B0A051 /* StudentsAndCoursesApp.swift */ = {isa = PBXFileReference; lastKnownFileType = sourcecode.swift; path = StudentsAndCoursesApp.swift; sourceTree = "<group>"; };
		810E980B2C15EE6600B0A051 /* Assets.xcassets */ = {isa = PBXFileReference; lastKnownFileType = folder.assetcatalog; path = Assets.xcassets; sourceTree = "<group>"; };
		810E980E2C15EE6600B0A051 /* Preview Assets.xcassets */ = {isa = PBXFileReference; lastKnownFileType = folder.assetcatalog; path = "Preview Assets.xcassets"; sourceTree = "<group>"; };
		81A2E2712C15EEF500E6285E /* Supabase.swift */ = {isa = PBXFileReference; lastKnownFileType = sourcecode.swift; path = Supabase.swift; sourceTree = "<group>"; };
		81A2E2802C15F1CF00E6285E /* LandingView.swift */ = {isa = PBXFileReference; lastKnownFileType = sourcecode.swift; path = LandingView.swift; sourceTree = "<group>"; };
		81A2E2822C15F1F200E6285E /* EnrolmentsView.swift */ = {isa = PBXFileReference; lastKnownFileType = sourcecode.swift; path = EnrolmentsView.swift; sourceTree = "<group>"; };
		81A2E2842C15F22B00E6285E /* CoursesListView.swift */ = {isa = PBXFileReference; lastKnownFileType = sourcecode.swift; path = CoursesListView.swift; sourceTree = "<group>"; };
		81A2E2862C15F25F00E6285E /* StudentsListView.swift */ = {isa = PBXFileReference; lastKnownFileType = sourcecode.swift; path = StudentsListView.swift; sourceTree = "<group>"; };
		81A2E2882C16020300E6285E /* Course.swift */ = {isa = PBXFileReference; lastKnownFileType = sourcecode.swift; path = Course.swift; sourceTree = "<group>"; };
		81A2E28A2C1602FC00E6285E /* CoursesListViewModel.swift */ = {isa = PBXFileReference; lastKnownFileType = sourcecode.swift; path = CoursesListViewModel.swift; sourceTree = "<group>"; };
		81A2E28C2C16086200E6285E /* AddCourseView.swift */ = {isa = PBXFileReference; lastKnownFileType = sourcecode.swift; path = AddCourseView.swift; sourceTree = "<group>"; };
		81A2E28E2C16135900E6285E /* Student.swift */ = {isa = PBXFileReference; lastKnownFileType = sourcecode.swift; path = Student.swift; sourceTree = "<group>"; };
/* End PBXFileReference section */

/* Begin PBXFrameworksBuildPhase section */
		810E98012C15EE6500B0A051 /* Frameworks */ = {
			isa = PBXFrameworksBuildPhase;
			buildActionMask = 2147483647;
			files = (
				81A2E2792C15EFF400E6285E /* PostgREST in Frameworks */,
				81A2E2772C15EFF400E6285E /* Functions in Frameworks */,
				81A2E27F2C15EFF400E6285E /* Supabase in Frameworks */,
				81A2E2752C15EFF400E6285E /* Auth in Frameworks */,
				81A2E27D2C15EFF400E6285E /* Storage in Frameworks */,
				81A2E27B2C15EFF400E6285E /* Realtime in Frameworks */,
			);
			runOnlyForDeploymentPostprocessing = 0;
		};
/* End PBXFrameworksBuildPhase section */

/* Begin PBXGroup section */
		810E97FB2C15EE6500B0A051 = {
			isa = PBXGroup;
			children = (
				810E98062C15EE6500B0A051 /* StudentsAndCourses */,
				810E98052C15EE6500B0A051 /* Products */,
			);
			sourceTree = "<group>";
		};
		810E98052C15EE6500B0A051 /* Products */ = {
			isa = PBXGroup;
			children = (
				810E98042C15EE6500B0A051 /* StudentsAndCourses.app */,
			);
			name = Products;
			sourceTree = "<group>";
		};
		810E98062C15EE6500B0A051 /* StudentsAndCourses */ = {
			isa = PBXGroup;
			children = (
				810E98072C15EE6500B0A051 /* StudentsAndCoursesApp.swift */,
				810E98182C15EE9D00B0A051 /* Helpers */,
				810E98152C15EE8100B0A051 /* Model */,
				810E98162C15EE8A00B0A051 /* Views */,
				810E98172C15EE9100B0A051 /* ViewModels */,
				810E980B2C15EE6600B0A051 /* Assets.xcassets */,
				810E980D2C15EE6600B0A051 /* Preview Content */,
			);
			path = StudentsAndCourses;
			sourceTree = "<group>";
		};
		810E980D2C15EE6600B0A051 /* Preview Content */ = {
			isa = PBXGroup;
			children = (
				810E980E2C15EE6600B0A051 /* Preview Assets.xcassets */,
			);
			path = "Preview Content";
			sourceTree = "<group>";
		};
		810E98152C15EE8100B0A051 /* Model */ = {
			isa = PBXGroup;
			children = (
				81A2E2882C16020300E6285E /* Course.swift */,
				81A2E28E2C16135900E6285E /* Student.swift */,
			);
			path = Model;
			sourceTree = "<group>";
		};
		810E98162C15EE8A00B0A051 /* Views */ = {
			isa = PBXGroup;
			children = (
				81A2E2802C15F1CF00E6285E /* LandingView.swift */,
				81A2E2822C15F1F200E6285E /* EnrolmentsView.swift */,
				81A2E2842C15F22B00E6285E /* CoursesListView.swift */,
				81A2E2862C15F25F00E6285E /* StudentsListView.swift */,
				81A2E28C2C16086200E6285E /* AddCourseView.swift */,
			);
			path = Views;
			sourceTree = "<group>";
		};
		810E98172C15EE9100B0A051 /* ViewModels */ = {
			isa = PBXGroup;
			children = (
				81A2E28A2C1602FC00E6285E /* CoursesListViewModel.swift */,
			);
			path = ViewModels;
			sourceTree = "<group>";
		};
		810E98182C15EE9D00B0A051 /* Helpers */ = {
			isa = PBXGroup;
			children = (
				81A2E2712C15EEF500E6285E /* Supabase.swift */,
			);
			path = Helpers;
			sourceTree = "<group>";
		};
/* End PBXGroup section */

/* Begin PBXNativeTarget section */
		810E98032C15EE6500B0A051 /* StudentsAndCourses */ = {
			isa = PBXNativeTarget;
			buildConfigurationList = 810E98122C15EE6600B0A051 /* Build configuration list for PBXNativeTarget "StudentsAndCourses" */;
			buildPhases = (
				810E98002C15EE6500B0A051 /* Sources */,
				810E98012C15EE6500B0A051 /* Frameworks */,
				810E98022C15EE6500B0A051 /* Resources */,
			);
			buildRules = (
			);
			dependencies = (
			);
			name = StudentsAndCourses;
			packageProductDependencies = (
				81A2E2742C15EFF400E6285E /* Auth */,
				81A2E2762C15EFF400E6285E /* Functions */,
				81A2E2782C15EFF400E6285E /* PostgREST */,
				81A2E27A2C15EFF400E6285E /* Realtime */,
				81A2E27C2C15EFF400E6285E /* Storage */,
				81A2E27E2C15EFF400E6285E /* Supabase */,
			);
			productName = StudentsAndCourses;
			productReference = 810E98042C15EE6500B0A051 /* StudentsAndCourses.app */;
			productType = "com.apple.product-type.application";
		};
/* End PBXNativeTarget section */

/* Begin PBXProject section */
		810E97FC2C15EE6500B0A051 /* Project object */ = {
			isa = PBXProject;
			attributes = {
				BuildIndependentTargetsInParallel = 1;
				LastSwiftUpdateCheck = 1540;
				LastUpgradeCheck = 1540;
				TargetAttributes = {
					810E98032C15EE6500B0A051 = {
						CreatedOnToolsVersion = 15.4;
					};
				};
			};
			buildConfigurationList = 810E97FF2C15EE6500B0A051 /* Build configuration list for PBXProject "StudentsAndCourses" */;
			compatibilityVersion = "Xcode 14.0";
			developmentRegion = en;
			hasScannedForEncodings = 0;
			knownRegions = (
				en,
				Base,
			);
			mainGroup = 810E97FB2C15EE6500B0A051;
			packageReferences = (
				81A2E2732C15EFF400E6285E /* XCRemoteSwiftPackageReference "supabase-swift" */,
			);
			productRefGroup = 810E98052C15EE6500B0A051 /* Products */;
			projectDirPath = "";
			projectRoot = "";
			targets = (
				810E98032C15EE6500B0A051 /* StudentsAndCourses */,
			);
		};
/* End PBXProject section */

/* Begin PBXResourcesBuildPhase section */
		810E98022C15EE6500B0A051 /* Resources */ = {
			isa = PBXResourcesBuildPhase;
			buildActionMask = 2147483647;
			files = (
				810E980F2C15EE6600B0A051 /* Preview Assets.xcassets in Resources */,
				810E980C2C15EE6600B0A051 /* Assets.xcassets in Resources */,
			);
			runOnlyForDeploymentPostprocessing = 0;
		};
/* End PBXResourcesBuildPhase section */

/* Begin PBXSourcesBuildPhase section */
		810E98002C15EE6500B0A051 /* Sources */ = {
			isa = PBXSourcesBuildPhase;
			buildActionMask = 2147483647;
			files = (
				81A2E2872C15F25F00E6285E /* StudentsListView.swift in Sources */,
				81A2E28B2C1602FC00E6285E /* CoursesListViewModel.swift in Sources */,
				81A2E2892C16020300E6285E /* Course.swift in Sources */,
				81A2E28F2C16135900E6285E /* Student.swift in Sources */,
				81A2E2812C15F1CF00E6285E /* LandingView.swift in Sources */,
				81A2E2852C15F22B00E6285E /* CoursesListView.swift in Sources */,
				81A2E2832C15F1F200E6285E /* EnrolmentsView.swift in Sources */,
				81A2E2722C15EEF500E6285E /* Supabase.swift in Sources */,
				810E98082C15EE6500B0A051 /* StudentsAndCoursesApp.swift in Sources */,
				81A2E28D2C16086200E6285E /* AddCourseView.swift in Sources */,
			);
			runOnlyForDeploymentPostprocessing = 0;
		};
/* End PBXSourcesBuildPhase section */

/* Begin XCBuildConfiguration section */
		810E98102C15EE6600B0A051 /* Debug */ = {
			isa = XCBuildConfiguration;
			buildSettings = {
				ALWAYS_SEARCH_USER_PATHS = NO;
				ASSETCATALOG_COMPILER_GENERATE_SWIFT_ASSET_SYMBOL_EXTENSIONS = YES;
				CLANG_ANALYZER_NONNULL = YES;
				CLANG_ANALYZER_NUMBER_OBJECT_CONVERSION = YES_AGGRESSIVE;
				CLANG_CXX_LANGUAGE_STANDARD = "gnu++20";
				CLANG_ENABLE_MODULES = YES;
				CLANG_ENABLE_OBJC_ARC = YES;
				CLANG_ENABLE_OBJC_WEAK = YES;
				CLANG_WARN_BLOCK_CAPTURE_AUTORELEASING = YES;
				CLANG_WARN_BOOL_CONVERSION = YES;
				CLANG_WARN_COMMA = YES;
				CLANG_WARN_CONSTANT_CONVERSION = YES;
				CLANG_WARN_DEPRECATED_OBJC_IMPLEMENTATIONS = YES;
				CLANG_WARN_DIRECT_OBJC_ISA_USAGE = YES_ERROR;
				CLANG_WARN_DOCUMENTATION_COMMENTS = YES;
				CLANG_WARN_EMPTY_BODY = YES;
				CLANG_WARN_ENUM_CONVERSION = YES;
				CLANG_WARN_INFINITE_RECURSION = YES;
				CLANG_WARN_INT_CONVERSION = YES;
				CLANG_WARN_NON_LITERAL_NULL_CONVERSION = YES;
				CLANG_WARN_OBJC_IMPLICIT_RETAIN_SELF = YES;
				CLANG_WARN_OBJC_LITERAL_CONVERSION = YES;
				CLANG_WARN_OBJC_ROOT_CLASS = YES_ERROR;
				CLANG_WARN_QUOTED_INCLUDE_IN_FRAMEWORK_HEADER = YES;
				CLANG_WARN_RANGE_LOOP_ANALYSIS = YES;
				CLANG_WARN_STRICT_PROTOTYPES = YES;
				CLANG_WARN_SUSPICIOUS_MOVE = YES;
				CLANG_WARN_UNGUARDED_AVAILABILITY = YES_AGGRESSIVE;
				CLANG_WARN_UNREACHABLE_CODE = YES;
				CLANG_WARN__DUPLICATE_METHOD_MATCH = YES;
				COPY_PHASE_STRIP = NO;
				DEBUG_INFORMATION_FORMAT = dwarf;
				ENABLE_STRICT_OBJC_MSGSEND = YES;
				ENABLE_TESTABILITY = YES;
				ENABLE_USER_SCRIPT_SANDBOXING = YES;
				GCC_C_LANGUAGE_STANDARD = gnu17;
				GCC_DYNAMIC_NO_PIC = NO;
				GCC_NO_COMMON_BLOCKS = YES;
				GCC_OPTIMIZATION_LEVEL = 0;
				GCC_PREPROCESSOR_DEFINITIONS = (
					"DEBUG=1",
					"$(inherited)",
				);
				GCC_WARN_64_TO_32_BIT_CONVERSION = YES;
				GCC_WARN_ABOUT_RETURN_TYPE = YES_ERROR;
				GCC_WARN_UNDECLARED_SELECTOR = YES;
				GCC_WARN_UNINITIALIZED_AUTOS = YES_AGGRESSIVE;
				GCC_WARN_UNUSED_FUNCTION = YES;
				GCC_WARN_UNUSED_VARIABLE = YES;
				IPHONEOS_DEPLOYMENT_TARGET = 17.5;
				LOCALIZATION_PREFERS_STRING_CATALOGS = YES;
				MTL_ENABLE_DEBUG_INFO = INCLUDE_SOURCE;
				MTL_FAST_MATH = YES;
				ONLY_ACTIVE_ARCH = YES;
				SDKROOT = iphoneos;
				SWIFT_ACTIVE_COMPILATION_CONDITIONS = "DEBUG $(inherited)";
				SWIFT_OPTIMIZATION_LEVEL = "-Onone";
			};
			name = Debug;
		};
		810E98112C15EE6600B0A051 /* Release */ = {
			isa = XCBuildConfiguration;
			buildSettings = {
				ALWAYS_SEARCH_USER_PATHS = NO;
				ASSETCATALOG_COMPILER_GENERATE_SWIFT_ASSET_SYMBOL_EXTENSIONS = YES;
				CLANG_ANALYZER_NONNULL = YES;
				CLANG_ANALYZER_NUMBER_OBJECT_CONVERSION = YES_AGGRESSIVE;
				CLANG_CXX_LANGUAGE_STANDARD = "gnu++20";
				CLANG_ENABLE_MODULES = YES;
				CLANG_ENABLE_OBJC_ARC = YES;
				CLANG_ENABLE_OBJC_WEAK = YES;
				CLANG_WARN_BLOCK_CAPTURE_AUTORELEASING = YES;
				CLANG_WARN_BOOL_CONVERSION = YES;
				CLANG_WARN_COMMA = YES;
				CLANG_WARN_CONSTANT_CONVERSION = YES;
				CLANG_WARN_DEPRECATED_OBJC_IMPLEMENTATIONS = YES;
				CLANG_WARN_DIRECT_OBJC_ISA_USAGE = YES_ERROR;
				CLANG_WARN_DOCUMENTATION_COMMENTS = YES;
				CLANG_WARN_EMPTY_BODY = YES;
				CLANG_WARN_ENUM_CONVERSION = YES;
				CLANG_WARN_INFINITE_RECURSION = YES;
				CLANG_WARN_INT_CONVERSION = YES;
				CLANG_WARN_NON_LITERAL_NULL_CONVERSION = YES;
				CLANG_WARN_OBJC_IMPLICIT_RETAIN_SELF = YES;
				CLANG_WARN_OBJC_LITERAL_CONVERSION = YES;
				CLANG_WARN_OBJC_ROOT_CLASS = YES_ERROR;
				CLANG_WARN_QUOTED_INCLUDE_IN_FRAMEWORK_HEADER = YES;
				CLANG_WARN_RANGE_LOOP_ANALYSIS = YES;
				CLANG_WARN_STRICT_PROTOTYPES = YES;
				CLANG_WARN_SUSPICIOUS_MOVE = YES;
				CLANG_WARN_UNGUARDED_AVAILABILITY = YES_AGGRESSIVE;
				CLANG_WARN_UNREACHABLE_CODE = YES;
				CLANG_WARN__DUPLICATE_METHOD_MATCH = YES;
				COPY_PHASE_STRIP = NO;
				DEBUG_INFORMATION_FORMAT = "dwarf-with-dsym";
				ENABLE_NS_ASSERTIONS = NO;
				ENABLE_STRICT_OBJC_MSGSEND = YES;
				ENABLE_USER_SCRIPT_SANDBOXING = YES;
				GCC_C_LANGUAGE_STANDARD = gnu17;
				GCC_NO_COMMON_BLOCKS = YES;
				GCC_WARN_64_TO_32_BIT_CONVERSION = YES;
				GCC_WARN_ABOUT_RETURN_TYPE = YES_ERROR;
				GCC_WARN_UNDECLARED_SELECTOR = YES;
				GCC_WARN_UNINITIALIZED_AUTOS = YES_AGGRESSIVE;
				GCC_WARN_UNUSED_FUNCTION = YES;
				GCC_WARN_UNUSED_VARIABLE = YES;
				IPHONEOS_DEPLOYMENT_TARGET = 17.5;
				LOCALIZATION_PREFERS_STRING_CATALOGS = YES;
				MTL_ENABLE_DEBUG_INFO = NO;
				MTL_FAST_MATH = YES;
				SDKROOT = iphoneos;
				SWIFT_COMPILATION_MODE = wholemodule;
				VALIDATE_PRODUCT = YES;
			};
			name = Release;
		};
		810E98132C15EE6600B0A051 /* Debug */ = {
			isa = XCBuildConfiguration;
			buildSettings = {
				ASSETCATALOG_COMPILER_APPICON_NAME = AppIcon;
				ASSETCATALOG_COMPILER_GLOBAL_ACCENT_COLOR_NAME = AccentColor;
				CODE_SIGN_STYLE = Automatic;
				CURRENT_PROJECT_VERSION = 1;
				DEVELOPMENT_ASSET_PATHS = "\"StudentsAndCourses/Preview Content\"";
				DEVELOPMENT_TEAM = U2ZN2W2UQJ;
				ENABLE_PREVIEWS = YES;
				GENERATE_INFOPLIST_FILE = YES;
				INFOPLIST_KEY_UIApplicationSceneManifest_Generation = YES;
				INFOPLIST_KEY_UIApplicationSupportsIndirectInputEvents = YES;
				INFOPLIST_KEY_UILaunchScreen_Generation = YES;
				INFOPLIST_KEY_UISupportedInterfaceOrientations_iPad = "UIInterfaceOrientationPortrait UIInterfaceOrientationPortraitUpsideDown UIInterfaceOrientationLandscapeLeft UIInterfaceOrientationLandscapeRight";
				INFOPLIST_KEY_UISupportedInterfaceOrientations_iPhone = "UIInterfaceOrientationPortrait UIInterfaceOrientationLandscapeLeft UIInterfaceOrientationLandscapeRight";
				LD_RUNPATH_SEARCH_PATHS = (
					"$(inherited)",
					"@executable_path/Frameworks",
				);
				MARKETING_VERSION = 1.0;
				PRODUCT_BUNDLE_IDENTIFIER = ca.russellgordon.StudentsAndCourses;
				PRODUCT_NAME = "$(TARGET_NAME)";
				SWIFT_EMIT_LOC_STRINGS = YES;
				SWIFT_VERSION = 5.0;
				TARGETED_DEVICE_FAMILY = "1,2";
			};
			name = Debug;
		};
		810E98142C15EE6600B0A051 /* Release */ = {
			isa = XCBuildConfiguration;
			buildSettings = {
				ASSETCATALOG_COMPILER_APPICON_NAME = AppIcon;
				ASSETCATALOG_COMPILER_GLOBAL_ACCENT_COLOR_NAME = AccentColor;
				CODE_SIGN_STYLE = Automatic;
				CURRENT_PROJECT_VERSION = 1;
				DEVELOPMENT_ASSET_PATHS = "\"StudentsAndCourses/Preview Content\"";
				DEVELOPMENT_TEAM = U2ZN2W2UQJ;
				ENABLE_PREVIEWS = YES;
				GENERATE_INFOPLIST_FILE = YES;
				INFOPLIST_KEY_UIApplicationSceneManifest_Generation = YES;
				INFOPLIST_KEY_UIApplicationSupportsIndirectInputEvents = YES;
				INFOPLIST_KEY_UILaunchScreen_Generation = YES;
				INFOPLIST_KEY_UISupportedInterfaceOrientations_iPad = "UIInterfaceOrientationPortrait UIInterfaceOrientationPortraitUpsideDown UIInterfaceOrientationLandscapeLeft UIInterfaceOrientationLandscapeRight";
				INFOPLIST_KEY_UISupportedInterfaceOrientations_iPhone = "UIInterfaceOrientationPortrait UIInterfaceOrientationLandscapeLeft UIInterfaceOrientationLandscapeRight";
				LD_RUNPATH_SEARCH_PATHS = (
					"$(inherited)",
					"@executable_path/Frameworks",
				);
				MARKETING_VERSION = 1.0;
				PRODUCT_BUNDLE_IDENTIFIER = ca.russellgordon.StudentsAndCourses;
				PRODUCT_NAME = "$(TARGET_NAME)";
				SWIFT_EMIT_LOC_STRINGS = YES;
				SWIFT_VERSION = 5.0;
				TARGETED_DEVICE_FAMILY = "1,2";
			};
			name = Release;
		};
/* End XCBuildConfiguration section */

/* Begin XCConfigurationList section */
		810E97FF2C15EE6500B0A051 /* Build configuration list for PBXProject "StudentsAndCourses" */ = {
			isa = XCConfigurationList;
			buildConfigurations = (
				810E98102C15EE6600B0A051 /* Debug */,
				810E98112C15EE6600B0A051 /* Release */,
			);
			defaultConfigurationIsVisible = 0;
			defaultConfigurationName = Release;
		};
		810E98122C15EE6600B0A051 /* Build configuration list for PBXNativeTarget "StudentsAndCourses" */ = {
			isa = XCConfigurationList;
			buildConfigurations = (
				810E98132C15EE6600B0A051 /* Debug */,
				810E98142C15EE6600B0A051 /* Release */,
			);
			defaultConfigurationIsVisible = 0;
			defaultConfigurationName = Release;
		};
/* End XCConfigurationList section */

/* Begin XCRemoteSwiftPackageReference section */
		81A2E2732C15EFF400E6285E /* XCRemoteSwiftPackageReference "supabase-swift" */ = {
			isa = XCRemoteSwiftPackageReference;
			repositoryURL = "https://github.com/supabase-community/supabase-swift";
			requirement = {
				kind = upToNextMajorVersion;
				minimumVersion = 2.5.1;
			};
		};
/* End XCRemoteSwiftPackageReference section */

/* Begin XCSwiftPackageProductDependency section */
		81A2E2742C15EFF400E6285E /* Auth */ = {
			isa = XCSwiftPackageProductDependency;
			package = 81A2E2732C15EFF400E6285E /* XCRemoteSwiftPackageReference "supabase-swift" */;
			productName = Auth;
		};
		81A2E2762C15EFF400E6285E /* Functions */ = {
			isa = XCSwiftPackageProductDependency;
			package = 81A2E2732C15EFF400E6285E /* XCRemoteSwiftPackageReference "supabase-swift" */;
			productName = Functions;
		};
		81A2E2782C15EFF400E6285E /* PostgREST */ = {
			isa = XCSwiftPackageProductDependency;
			package = 81A2E2732C15EFF400E6285E /* XCRemoteSwiftPackageReference "supabase-swift" */;
			productName = PostgREST;
		};
		81A2E27A2C15EFF400E6285E /* Realtime */ = {
			isa = XCSwiftPackageProductDependency;
			package = 81A2E2732C15EFF400E6285E /* XCRemoteSwiftPackageReference "supabase-swift" */;
			productName = Realtime;
		};
		81A2E27C2C15EFF400E6285E /* Storage */ = {
			isa = XCSwiftPackageProductDependency;
			package = 81A2E2732C15EFF400E6285E /* XCRemoteSwiftPackageReference "supabase-swift" */;
			productName = Storage;
		};
		81A2E27E2C15EFF400E6285E /* Supabase */ = {
			isa = XCSwiftPackageProductDependency;
			package = 81A2E2732C15EFF400E6285E /* XCRemoteSwiftPackageReference "supabase-swift" */;
			productName = Supabase;
		};
/* End XCSwiftPackageProductDependency section */
	};
	rootObject = 810E97FC2C15EE6500B0A051 /* Project object */;
}
